
Microsoft Visual Studio Solution File, Format Version 12.00
# Visual Studio Version 17
VisualStudioVersion = 17.5.002.0
MinimumVisualStudioVersion = 10.0.40219.1
Project("{9A19103F-16F7-4668-BE54-9A1E7A4F7556}") = "MonogamePublicExample", "MonogamePublicExample.csproj", "{AF4A95C8-8367-48F5-AAA2-614C7B4CD465}"
EndProject
Global
	GlobalSection(SolutionConfigurationPlatforms) = preSolution
		Debug|Any CPU = Debug|Any CPU
		Release|Any CPU = Release|Any CPU
	EndGlobalSection
	GlobalSection(ProjectConfigurationPlatforms) = postSolution
		{AF4A95C8-8367-48F5-AAA2-614C7B4CD465}.Debug|Any CPU.ActiveCfg = Debug|Any CPU
		{AF4A95C8-8367-48F5-AAA2-614C7B4CD465}.Debug|Any CPU.Build.0 = Debug|Any CPU
		{AF4A95C8-8367-48F5-AAA2-614C7B4CD465}.Release|Any CPU.ActiveCfg = Release|Any CPU
		{AF4A95C8-8367-48F5-AAA2-614C7B4CD465}.Release|Any CPU.Build.0 = Release|Any CPU
	EndGlobalSection
	GlobalSection(SolutionProperties) = preSolution
		HideSolutionNode = FALSE
	EndGlobalSection
	GlobalSection(ExtensibilityGlobals) = postSolution
		SolutionGuid = {83A7F32C-5D59-47C9-A445-C1270D6309D0}
	EndGlobalSection
EndGlobal
